
Microsoft Visual Studio Solution File, Format Version 12.00
# Visual Studio 15
VisualStudioVersion = 15.0.27703.2042
MinimumVisualStudioVersion = 10.0.40219.1
Project("{FAE04EC0-301F-11D3-BF4B-00C04F79EFBC}") = "El-Khalil", "El-Khalil\El-Khalil.csproj", "{B0238A2D-0CE7-4D9B-B464-4141CBCD6242}"
EndProject
Global
	GlobalSection(SolutionConfigurationPlatforms) = preSolution
		Debug|Any CPU = Debug|Any CPU
		Release|Any CPU = Release|Any CPU
	EndGlobalSection
	GlobalSection(ProjectConfigurationPlatforms) = postSolution
		{B0238A2D-0CE7-4D9B-B464-4141CBCD6242}.Debug|Any CPU.ActiveCfg = Debug|Any CPU
		{B0238A2D-0CE7-4D9B-B464-4141CBCD6242}.Debug|Any CPU.Build.0 = Debug|Any CPU
		{B0238A2D-0CE7-4D9B-B464-4141CBCD6242}.Release|Any CPU.ActiveCfg = Release|Any CPU
		{B0238A2D-0CE7-4D9B-B464-4141CBCD6242}.Release|Any CPU.Build.0 = Release|Any CPU
	EndGlobalSection
	GlobalSection(SolutionProperties) = preSolution
		HideSolutionNode = FALSE
	EndGlobalSection
	GlobalSection(ExtensibilityGlobals) = postSolution
		SolutionGuid = {57784525-00F9-4034-99F5-D5EB3E5CB73E}
	EndGlobalSection
EndGlobal
